
Microsoft Visual Studio Solution File, Format Version 12.00
# Visual Studio Version 17
VisualStudioVersion = 17.9.34723.18
MinimumVisualStudioVersion = 10.0.40219.1
Project("{9A19103F-16F7-4668-BE54-9A1E7A4F7556}") = "DvlSql.SqlServer", "DvlSql.SqlServer\DvlSql.SqlServer.csproj", "{FCB79EAD-AA3E-4D40-92EE-F32B91F3F502}"
EndProject
Project("{9A19103F-16F7-4668-BE54-9A1E7A4F7556}") = "DvlSql.SqlServer.Tests", "DvlSql.SqlServer.Tests\DvlSql.SqlServer.Tests.csproj", "{991C6996-746A-4B56-BDF3-A1CFDE82C2F1}"
EndProject
Project("{9A19103F-16F7-4668-BE54-9A1E7A4F7556}") = "DvlSql.SqlServer.TestConsole", "DvlSql.SqlServer.TestConsole\DvlSql.SqlServer.TestConsole.csproj", "{F83E2445-09B3-44A4-AA7A-4BC4F8A1D90D}"
EndProject
Project("{FAE04EC0-301F-11D3-BF4B-00C04F79EFBC}") = "DvlSql.SqlServer.Web", "DvlSql.SqlServer.Web\DvlSql.SqlServer.Web.csproj", "{A0EE47A9-7272-4231-B549-C9CA3FC0E7A8}"
EndProject
Global
	GlobalSection(SolutionConfigurationPlatforms) = preSolution
		Debug|Any CPU = Debug|Any CPU
		Release|Any CPU = Release|Any CPU
	EndGlobalSection
	GlobalSection(ProjectConfigurationPlatforms) = postSolution
		{FCB79EAD-AA3E-4D40-92EE-F32B91F3F502}.Debug|Any CPU.ActiveCfg = Debug|Any CPU
		{FCB79EAD-AA3E-4D40-92EE-F32B91F3F502}.Debug|Any CPU.Build.0 = Debug|Any CPU
		{FCB79EAD-AA3E-4D40-92EE-F32B91F3F502}.Release|Any CPU.ActiveCfg = Release|Any CPU
		{FCB79EAD-AA3E-4D40-92EE-F32B91F3F502}.Release|Any CPU.Build.0 = Release|Any CPU
		{991C6996-746A-4B56-BDF3-A1CFDE82C2F1}.Debug|Any CPU.ActiveCfg = Debug|Any CPU
		{991C6996-746A-4B56-BDF3-A1CFDE82C2F1}.Debug|Any CPU.Build.0 = Debug|Any CPU
		{991C6996-746A-4B56-BDF3-A1CFDE82C2F1}.Release|Any CPU.ActiveCfg = Release|Any CPU
		{991C6996-746A-4B56-BDF3-A1CFDE82C2F1}.Release|Any CPU.Build.0 = Release|Any CPU
		{F83E2445-09B3-44A4-AA7A-4BC4F8A1D90D}.Debug|Any CPU.ActiveCfg = Debug|Any CPU
		{F83E2445-09B3-44A4-AA7A-4BC4F8A1D90D}.Debug|Any CPU.Build.0 = Debug|Any CPU
		{F83E2445-09B3-44A4-AA7A-4BC4F8A1D90D}.Release|Any CPU.ActiveCfg = Release|Any CPU
		{F83E2445-09B3-44A4-AA7A-4BC4F8A1D90D}.Release|Any CPU.Build.0 = Release|Any CPU
		{A0EE47A9-7272-4231-B549-C9CA3FC0E7A8}.Debug|Any CPU.ActiveCfg = Debug|Any CPU
		{A0EE47A9-7272-4231-B549-C9CA3FC0E7A8}.Debug|Any CPU.Build.0 = Debug|Any CPU
		{A0EE47A9-7272-4231-B549-C9CA3FC0E7A8}.Release|Any CPU.ActiveCfg = Release|Any CPU
		{A0EE47A9-7272-4231-B549-C9CA3FC0E7A8}.Release|Any CPU.Build.0 = Release|Any CPU
	EndGlobalSection
	GlobalSection(SolutionProperties) = preSolution
		HideSolutionNode = FALSE
	EndGlobalSection
	GlobalSection(ExtensibilityGlobals) = postSolution
		SolutionGuid = {785AF4DC-9D2B-4B7F-84C2-6BFBA6CB7A55}
	EndGlobalSection
EndGlobal
