
Microsoft Visual Studio Solution File, Format Version 12.00
# Visual Studio Version 16
VisualStudioVersion = 16.0.31205.134
MinimumVisualStudioVersion = 10.0.40219.1
Project("{FAE04EC0-301F-11D3-BF4B-00C04F79EFBC}") = "DvlSql.SqlServer", "DvlSql.SqlServer\DvlSql.SqlServer.csproj", "{FCB79EAD-AA3E-4D40-92EE-F32B91F3F502}"
EndProject
Project("{FAE04EC0-301F-11D3-BF4B-00C04F79EFBC}") = "DvlSql.SqlServer.Tests", "DvlSql.SqlServer.Tests\DvlSql.SqlServer.Tests.csproj", "{991C6996-746A-4B56-BDF3-A1CFDE82C2F1}"
EndProject
Global
	GlobalSection(SolutionConfigurationPlatforms) = preSolution
		Debug|Any CPU = Debug|Any CPU
		Release|Any CPU = Release|Any CPU
	EndGlobalSection
	GlobalSection(ProjectConfigurationPlatforms) = postSolution
		{FCB79EAD-AA3E-4D40-92EE-F32B91F3F502}.Debug|Any CPU.ActiveCfg = Debug|Any CPU
		{FCB79EAD-AA3E-4D40-92EE-F32B91F3F502}.Debug|Any CPU.Build.0 = Debug|Any CPU
		{FCB79EAD-AA3E-4D40-92EE-F32B91F3F502}.Release|Any CPU.ActiveCfg = Release|Any CPU
		{FCB79EAD-AA3E-4D40-92EE-F32B91F3F502}.Release|Any CPU.Build.0 = Release|Any CPU
		{991C6996-746A-4B56-BDF3-A1CFDE82C2F1}.Debug|Any CPU.ActiveCfg = Debug|Any CPU
		{991C6996-746A-4B56-BDF3-A1CFDE82C2F1}.Debug|Any CPU.Build.0 = Debug|Any CPU
		{991C6996-746A-4B56-BDF3-A1CFDE82C2F1}.Release|Any CPU.ActiveCfg = Release|Any CPU
		{991C6996-746A-4B56-BDF3-A1CFDE82C2F1}.Release|Any CPU.Build.0 = Release|Any CPU
	EndGlobalSection
	GlobalSection(SolutionProperties) = preSolution
		HideSolutionNode = FALSE
	EndGlobalSection
	GlobalSection(ExtensibilityGlobals) = postSolution
		SolutionGuid = {785AF4DC-9D2B-4B7F-84C2-6BFBA6CB7A55}
	EndGlobalSection
EndGlobal
